
Microsoft Visual Studio Solution File, Format Version 12.00
# Visual Studio Version 17
VisualStudioVersion = 17.8.34309.116
MinimumVisualStudioVersion = 10.0.40219.1
Project("{FAE04EC0-301F-11D3-BF4B-00C04F79EFBC}") = "DateConversion", "DateConversion\DateConversion.csproj", "{B56ED451-B417-45AE-8183-64553FE75457}"
EndProject
Global
	GlobalSection(SolutionConfigurationPlatforms) = preSolution
		Debug|Any CPU = Debug|Any CPU
		Release|Any CPU = Release|Any CPU
	EndGlobalSection
	GlobalSection(ProjectConfigurationPlatforms) = postSolution
		{B56ED451-B417-45AE-8183-64553FE75457}.Debug|Any CPU.ActiveCfg = Debug|Any CPU
		{B56ED451-B417-45AE-8183-64553FE75457}.Debug|Any CPU.Build.0 = Debug|Any CPU
		{B56ED451-B417-45AE-8183-64553FE75457}.Release|Any CPU.ActiveCfg = Release|Any CPU
		{B56ED451-B417-45AE-8183-64553FE75457}.Release|Any CPU.Build.0 = Release|Any CPU
	EndGlobalSection
	GlobalSection(SolutionProperties) = preSolution
		HideSolutionNode = FALSE
	EndGlobalSection
	GlobalSection(ExtensibilityGlobals) = postSolution
		SolutionGuid = {FABF3A51-CE73-4130-B3EA-AFA6023BF844}
	EndGlobalSection
EndGlobal
